// !$*UTF8*$!
{
	archiveVersion = 1;
	classes = {
	};
	objectVersion = 50;
	objects = {

/* Begin PBXBuildFile section */
		2F9E935520B91C950054611B /* FlickrTableViewCell.swift in Sources */ = {isa = PBXBuildFile; fileRef = 2F9E935420B91C950054611B /* FlickrTableViewCell.swift */; };
		2F9E935620B91C950054611B /* FlickrTableViewCell.swift in Sources */ = {isa = PBXBuildFile; fileRef = 2F9E935420B91C950054611B /* FlickrTableViewCell.swift */; };
		2F9F408520B9C6BB008832E9 /* jsonData.json in Resources */ = {isa = PBXBuildFile; fileRef = 2F9F408420B9C6BA008832E9 /* jsonData.json */; };
		2F9F408720BA52BA008832E9 /* FlickrTableViewCell.xib in Resources */ = {isa = PBXBuildFile; fileRef = 2F9F408620BA52BA008832E9 /* FlickrTableViewCell.xib */; };
		733AA98420B7CFE400A878E2 /* AppDelegate.swift in Sources */ = {isa = PBXBuildFile; fileRef = 733AA98320B7CFE400A878E2 /* AppDelegate.swift */; };
		733AA98620B7CFE400A878E2 /* ViewController.swift in Sources */ = {isa = PBXBuildFile; fileRef = 733AA98520B7CFE400A878E2 /* ViewController.swift */; };
		733AA98920B7CFE400A878E2 /* Main.storyboard in Resources */ = {isa = PBXBuildFile; fileRef = 733AA98720B7CFE400A878E2 /* Main.storyboard */; };
		733AA98B20B7CFE400A878E2 /* Assets.xcassets in Resources */ = {isa = PBXBuildFile; fileRef = 733AA98A20B7CFE400A878E2 /* Assets.xcassets */; };
		733AA98E20B7CFE400A878E2 /* LaunchScreen.storyboard in Resources */ = {isa = PBXBuildFile; fileRef = 733AA98C20B7CFE400A878E2 /* LaunchScreen.storyboard */; };
		733AA99920B7CFE400A878E2 /* FlickrDeloitteTests.swift in Sources */ = {isa = PBXBuildFile; fileRef = 733AA99820B7CFE400A878E2 /* FlickrDeloitteTests.swift */; };
		733AA9A420B7CFE400A878E2 /* FlickrDeloitteUITests.swift in Sources */ = {isa = PBXBuildFile; fileRef = 733AA9A320B7CFE400A878E2 /* FlickrDeloitteUITests.swift */; };
		733AA9B520B7D08400A878E2 /* ViewModel.swift in Sources */ = {isa = PBXBuildFile; fileRef = 733AA9B420B7D08400A878E2 /* ViewModel.swift */; };
		733AA9B720B7D0AD00A878E2 /* FlickrObject.swift in Sources */ = {isa = PBXBuildFile; fileRef = 733AA9B620B7D0AD00A878E2 /* FlickrObject.swift */; };
		733AA9BA20B7D43600A878E2 /* FlickrAPI.swift in Sources */ = {isa = PBXBuildFile; fileRef = 733AA9B920B7D43600A878E2 /* FlickrAPI.swift */; };
		9C0B8020B5080B0141641AE7 /* Pods_FlickrDeloitteTests.framework in Frameworks */ = {isa = PBXBuildFile; fileRef = 35883FBBAB2437071479FCDC /* Pods_FlickrDeloitteTests.framework */; };
		B7DFFE63B397EAA102857F70 /* Pods_FlickrDeloitte.framework in Frameworks */ = {isa = PBXBuildFile; fileRef = 46945E77889315DBD7ED1F74 /* Pods_FlickrDeloitte.framework */; };
/* End PBXBuildFile section */

/* Begin PBXContainerItemProxy section */
		733AA99520B7CFE400A878E2 /* PBXContainerItemProxy */ = {
			isa = PBXContainerItemProxy;
			containerPortal = 733AA97820B7CFE400A878E2 /* Project object */;
			proxyType = 1;
			remoteGlobalIDString = 733AA97F20B7CFE400A878E2;
			remoteInfo = FlickrDeloitte;
		};
		733AA9A020B7CFE400A878E2 /* PBXContainerItemProxy */ = {
			isa = PBXContainerItemProxy;
			containerPortal = 733AA97820B7CFE400A878E2 /* Project object */;
			proxyType = 1;
			remoteGlobalIDString = 733AA97F20B7CFE400A878E2;
			remoteInfo = FlickrDeloitte;
		};
/* End PBXContainerItemProxy section */

/* Begin PBXFileReference section */
		2F9E935420B91C950054611B /* FlickrTableViewCell.swift */ = {isa = PBXFileReference; lastKnownFileType = sourcecode.swift; path = FlickrTableViewCell.swift; sourceTree = "<group>"; };
		2F9F408420B9C6BA008832E9 /* jsonData.json */ = {isa = PBXFileReference; fileEncoding = 4; lastKnownFileType = text.json; path = jsonData.json; sourceTree = "<group>"; };
		2F9F408620BA52BA008832E9 /* FlickrTableViewCell.xib */ = {isa = PBXFileReference; lastKnownFileType = file.xib; path = FlickrTableViewCell.xib; sourceTree = "<group>"; };
		35883FBBAB2437071479FCDC /* Pods_FlickrDeloitteTests.framework */ = {isa = PBXFileReference; explicitFileType = wrapper.framework; includeInIndex = 0; path = Pods_FlickrDeloitteTests.framework; sourceTree = BUILT_PRODUCTS_DIR; };
		3F7A295325E0E31CA3455139 /* Pods-FlickrDeloitteTests.release.xcconfig */ = {isa = PBXFileReference; includeInIndex = 1; lastKnownFileType = text.xcconfig; name = "Pods-FlickrDeloitteTests.release.xcconfig"; path = "Pods/Target Support Files/Pods-FlickrDeloitteTests/Pods-FlickrDeloitteTests.release.xcconfig"; sourceTree = "<group>"; };
		44C50130F33C9A9503224EDB /* Pods-FlickrDeloitte.debug.xcconfig */ = {isa = PBXFileReference; includeInIndex = 1; lastKnownFileType = text.xcconfig; name = "Pods-FlickrDeloitte.debug.xcconfig"; path = "Pods/Target Support Files/Pods-FlickrDeloitte/Pods-FlickrDeloitte.debug.xcconfig"; sourceTree = "<group>"; };
		46945E77889315DBD7ED1F74 /* Pods_FlickrDeloitte.framework */ = {isa = PBXFileReference; explicitFileType = wrapper.framework; includeInIndex = 0; path = Pods_FlickrDeloitte.framework; sourceTree = BUILT_PRODUCTS_DIR; };
		733AA98020B7CFE400A878E2 /* FlickrDeloitte.app */ = {isa = PBXFileReference; explicitFileType = wrapper.application; includeInIndex = 0; path = FlickrDeloitte.app; sourceTree = BUILT_PRODUCTS_DIR; };
		733AA98320B7CFE400A878E2 /* AppDelegate.swift */ = {isa = PBXFileReference; lastKnownFileType = sourcecode.swift; path = AppDelegate.swift; sourceTree = "<group>"; };
		733AA98520B7CFE400A878E2 /* ViewController.swift */ = {isa = PBXFileReference; lastKnownFileType = sourcecode.swift; path = ViewController.swift; sourceTree = "<group>"; };
		733AA98820B7CFE400A878E2 /* Base */ = {isa = PBXFileReference; lastKnownFileType = file.storyboard; name = Base; path = Base.lproj/Main.storyboard; sourceTree = "<group>"; };
		733AA98A20B7CFE400A878E2 /* Assets.xcassets */ = {isa = PBXFileReference; lastKnownFileType = folder.assetcatalog; path = Assets.xcassets; sourceTree = "<group>"; };
		733AA98D20B7CFE400A878E2 /* Base */ = {isa = PBXFileReference; lastKnownFileType = file.storyboard; name = Base; path = Base.lproj/LaunchScreen.storyboard; sourceTree = "<group>"; };
		733AA98F20B7CFE400A878E2 /* Info.plist */ = {isa = PBXFileReference; lastKnownFileType = text.plist.xml; path = Info.plist; sourceTree = "<group>"; };
		733AA99420B7CFE400A878E2 /* FlickrDeloitteTests.xctest */ = {isa = PBXFileReference; explicitFileType = wrapper.cfbundle; includeInIndex = 0; path = FlickrDeloitteTests.xctest; sourceTree = BUILT_PRODUCTS_DIR; };
		733AA99820B7CFE400A878E2 /* FlickrDeloitteTests.swift */ = {isa = PBXFileReference; lastKnownFileType = sourcecode.swift; path = FlickrDeloitteTests.swift; sourceTree = "<group>"; };
		733AA99A20B7CFE400A878E2 /* Info.plist */ = {isa = PBXFileReference; lastKnownFileType = text.plist.xml; path = Info.plist; sourceTree = "<group>"; };
		733AA99F20B7CFE400A878E2 /* FlickrDeloitteUITests.xctest */ = {isa = PBXFileReference; explicitFileType = wrapper.cfbundle; includeInIndex = 0; path = FlickrDeloitteUITests.xctest; sourceTree = BUILT_PRODUCTS_DIR; };
		733AA9A320B7CFE400A878E2 /* FlickrDeloitteUITests.swift */ = {isa = PBXFileReference; lastKnownFileType = sourcecode.swift; path = FlickrDeloitteUITests.swift; sourceTree = "<group>"; };
		733AA9A520B7CFE400A878E2 /* Info.plist */ = {isa = PBXFileReference; lastKnownFileType = text.plist.xml; path = Info.plist; sourceTree = "<group>"; };
		733AA9B420B7D08400A878E2 /* ViewModel.swift */ = {isa = PBXFileReference; lastKnownFileType = sourcecode.swift; path = ViewModel.swift; sourceTree = "<group>"; };
		733AA9B620B7D0AD00A878E2 /* FlickrObject.swift */ = {isa = PBXFileReference; lastKnownFileType = sourcecode.swift; path = FlickrObject.swift; sourceTree = "<group>"; };
		733AA9B920B7D43600A878E2 /* FlickrAPI.swift */ = {isa = PBXFileReference; lastKnownFileType = sourcecode.swift; path = FlickrAPI.swift; sourceTree = "<group>"; };
		8A71E20F09E4EA7A74C4A50C /* Pods-FlickrDeloitte.release.xcconfig */ = {isa = PBXFileReference; includeInIndex = 1; lastKnownFileType = text.xcconfig; name = "Pods-FlickrDeloitte.release.xcconfig"; path = "Pods/Target Support Files/Pods-FlickrDeloitte/Pods-FlickrDeloitte.release.xcconfig"; sourceTree = "<group>"; };
		A70583D406C4809BFF6187DB /* Pods-FlickrDeloitteTests.debug.xcconfig */ = {isa = PBXFileReference; includeInIndex = 1; lastKnownFileType = text.xcconfig; name = "Pods-FlickrDeloitteTests.debug.xcconfig"; path = "Pods/Target Support Files/Pods-FlickrDeloitteTests/Pods-FlickrDeloitteTests.debug.xcconfig"; sourceTree = "<group>"; };
/* End PBXFileReference section */

/* Begin PBXFrameworksBuildPhase section */
		733AA97D20B7CFE400A878E2 /* Frameworks */ = {
			isa = PBXFrameworksBuildPhase;
			buildActionMask = 2147483647;
			files = (
				B7DFFE63B397EAA102857F70 /* Pods_FlickrDeloitte.framework in Frameworks */,
			);
			runOnlyForDeploymentPostprocessing = 0;
		};
		733AA99120B7CFE400A878E2 /* Frameworks */ = {
			isa = PBXFrameworksBuildPhase;
			buildActionMask = 2147483647;
			files = (
				9C0B8020B5080B0141641AE7 /* Pods_FlickrDeloitteTests.framework in Frameworks */,
			);
			runOnlyForDeploymentPostprocessing = 0;
		};
		733AA99C20B7CFE400A878E2 /* Frameworks */ = {
			isa = PBXFrameworksBuildPhase;
			buildActionMask = 2147483647;
			files = (
			);
			runOnlyForDeploymentPostprocessing = 0;
		};
/* End PBXFrameworksBuildPhase section */

/* Begin PBXGroup section */
		2F9E935320B91C590054611B /* Views */ = {
			isa = PBXGroup;
			children = (
				2F9E935420B91C950054611B /* FlickrTableViewCell.swift */,
				2F9F408620BA52BA008832E9 /* FlickrTableViewCell.xib */,
			);
			path = Views;
			sourceTree = "<group>";
		};
		733AA97720B7CFE300A878E2 = {
			isa = PBXGroup;
			children = (
				733AA98220B7CFE400A878E2 /* FlickrDeloitte */,
				733AA99720B7CFE400A878E2 /* FlickrDeloitteTests */,
				733AA9A220B7CFE400A878E2 /* FlickrDeloitteUITests */,
				733AA98120B7CFE400A878E2 /* Products */,
				E09B8F7CC83E6ED02C7A6003 /* Pods */,
				8DD140E55C30D89195CF0E0B /* Frameworks */,
			);
			sourceTree = "<group>";
		};
		733AA98120B7CFE400A878E2 /* Products */ = {
			isa = PBXGroup;
			children = (
				733AA98020B7CFE400A878E2 /* FlickrDeloitte.app */,
				733AA99420B7CFE400A878E2 /* FlickrDeloitteTests.xctest */,
				733AA99F20B7CFE400A878E2 /* FlickrDeloitteUITests.xctest */,
			);
			name = Products;
			sourceTree = "<group>";
		};
		733AA98220B7CFE400A878E2 /* FlickrDeloitte */ = {
			isa = PBXGroup;
			children = (
				733AA9B820B7D42500A878E2 /* Repository */,
				733AA9B320B7D07400A878E2 /* ViewModel */,
				733AA9B220B7D06500A878E2 /* Controllers */,
				733AA9B120B7D05A00A878E2 /* Models */,
				2F9E935320B91C590054611B /* Views */,
				733AA98320B7CFE400A878E2 /* AppDelegate.swift */,
				733AA98720B7CFE400A878E2 /* Main.storyboard */,
				733AA98A20B7CFE400A878E2 /* Assets.xcassets */,
				733AA98C20B7CFE400A878E2 /* LaunchScreen.storyboard */,
				733AA98F20B7CFE400A878E2 /* Info.plist */,
			);
			path = FlickrDeloitte;
			sourceTree = "<group>";
		};
		733AA99720B7CFE400A878E2 /* FlickrDeloitteTests */ = {
			isa = PBXGroup;
			children = (
				2F9F408420B9C6BA008832E9 /* jsonData.json */,
				733AA99820B7CFE400A878E2 /* FlickrDeloitteTests.swift */,
				733AA99A20B7CFE400A878E2 /* Info.plist */,
			);
			path = FlickrDeloitteTests;
			sourceTree = "<group>";
		};
		733AA9A220B7CFE400A878E2 /* FlickrDeloitteUITests */ = {
			isa = PBXGroup;
			children = (
				733AA9A320B7CFE400A878E2 /* FlickrDeloitteUITests.swift */,
				733AA9A520B7CFE400A878E2 /* Info.plist */,
			);
			path = FlickrDeloitteUITests;
			sourceTree = "<group>";
		};
		733AA9B120B7D05A00A878E2 /* Models */ = {
			isa = PBXGroup;
			children = (
				733AA9B620B7D0AD00A878E2 /* FlickrObject.swift */,
			);
			path = Models;
			sourceTree = "<group>";
		};
		733AA9B220B7D06500A878E2 /* Controllers */ = {
			isa = PBXGroup;
			children = (
				733AA98520B7CFE400A878E2 /* ViewController.swift */,
			);
			path = Controllers;
			sourceTree = "<group>";
		};
		733AA9B320B7D07400A878E2 /* ViewModel */ = {
			isa = PBXGroup;
			children = (
				733AA9B420B7D08400A878E2 /* ViewModel.swift */,
			);
			path = ViewModel;
			sourceTree = "<group>";
		};
		733AA9B820B7D42500A878E2 /* Repository */ = {
			isa = PBXGroup;
			children = (
				733AA9B920B7D43600A878E2 /* FlickrAPI.swift */,
			);
			path = Repository;
			sourceTree = "<group>";
		};
		8DD140E55C30D89195CF0E0B /* Frameworks */ = {
			isa = PBXGroup;
			children = (
				46945E77889315DBD7ED1F74 /* Pods_FlickrDeloitte.framework */,
				35883FBBAB2437071479FCDC /* Pods_FlickrDeloitteTests.framework */,
			);
			name = Frameworks;
			sourceTree = "<group>";
		};
		E09B8F7CC83E6ED02C7A6003 /* Pods */ = {
			isa = PBXGroup;
			children = (
				44C50130F33C9A9503224EDB /* Pods-FlickrDeloitte.debug.xcconfig */,
				8A71E20F09E4EA7A74C4A50C /* Pods-FlickrDeloitte.release.xcconfig */,
				A70583D406C4809BFF6187DB /* Pods-FlickrDeloitteTests.debug.xcconfig */,
				3F7A295325E0E31CA3455139 /* Pods-FlickrDeloitteTests.release.xcconfig */,
			);
			name = Pods;
			sourceTree = "<group>";
		};
/* End PBXGroup section */

/* Begin PBXNativeTarget section */
		733AA97F20B7CFE400A878E2 /* FlickrDeloitte */ = {
			isa = PBXNativeTarget;
			buildConfigurationList = 733AA9A820B7CFE400A878E2 /* Build configuration list for PBXNativeTarget "FlickrDeloitte" */;
			buildPhases = (
				856E2F78D7E290691690C6F6 /* [CP] Check Pods Manifest.lock */,
				733AA97C20B7CFE400A878E2 /* Sources */,
				733AA97D20B7CFE400A878E2 /* Frameworks */,
				733AA97E20B7CFE400A878E2 /* Resources */,
				025BCF51FD40018BC3B6A258 /* [CP] Embed Pods Frameworks */,
			);
			buildRules = (
			);
			dependencies = (
			);
			name = FlickrDeloitte;
			productName = FlickrDeloitte;
			productReference = 733AA98020B7CFE400A878E2 /* FlickrDeloitte.app */;
			productType = "com.apple.product-type.application";
		};
		733AA99320B7CFE400A878E2 /* FlickrDeloitteTests */ = {
			isa = PBXNativeTarget;
			buildConfigurationList = 733AA9AB20B7CFE400A878E2 /* Build configuration list for PBXNativeTarget "FlickrDeloitteTests" */;
			buildPhases = (
				7DB41179F7A583E43DC794B0 /* [CP] Check Pods Manifest.lock */,
				733AA99020B7CFE400A878E2 /* Sources */,
				733AA99120B7CFE400A878E2 /* Frameworks */,
				733AA99220B7CFE400A878E2 /* Resources */,
				F532B7924D21BA43993A70BA /* [CP] Embed Pods Frameworks */,
			);
			buildRules = (
			);
			dependencies = (
				733AA99620B7CFE400A878E2 /* PBXTargetDependency */,
			);
			name = FlickrDeloitteTests;
			productName = FlickrDeloitteTests;
			productReference = 733AA99420B7CFE400A878E2 /* FlickrDeloitteTests.xctest */;
			productType = "com.apple.product-type.bundle.unit-test";
		};
		733AA99E20B7CFE400A878E2 /* FlickrDeloitteUITests */ = {
			isa = PBXNativeTarget;
			buildConfigurationList = 733AA9AE20B7CFE400A878E2 /* Build configuration list for PBXNativeTarget "FlickrDeloitteUITests" */;
			buildPhases = (
				733AA99B20B7CFE400A878E2 /* Sources */,
				733AA99C20B7CFE400A878E2 /* Frameworks */,
				733AA99D20B7CFE400A878E2 /* Resources */,
			);
			buildRules = (
			);
			dependencies = (
				733AA9A120B7CFE400A878E2 /* PBXTargetDependency */,
			);
			name = FlickrDeloitteUITests;
			productName = FlickrDeloitteUITests;
			productReference = 733AA99F20B7CFE400A878E2 /* FlickrDeloitteUITests.xctest */;
			productType = "com.apple.product-type.bundle.ui-testing";
		};
/* End PBXNativeTarget section */

/* Begin PBXProject section */
		733AA97820B7CFE400A878E2 /* Project object */ = {
			isa = PBXProject;
			attributes = {
				LastSwiftUpdateCheck = 0930;
				LastUpgradeCheck = 0930;
				ORGANIZATIONNAME = "Marco Prayer";
				TargetAttributes = {
					733AA97F20B7CFE400A878E2 = {
						CreatedOnToolsVersion = 9.3.1;
					};
					733AA99320B7CFE400A878E2 = {
						CreatedOnToolsVersion = 9.3.1;
						TestTargetID = 733AA97F20B7CFE400A878E2;
					};
					733AA99E20B7CFE400A878E2 = {
						CreatedOnToolsVersion = 9.3.1;
						TestTargetID = 733AA97F20B7CFE400A878E2;
					};
				};
			};
			buildConfigurationList = 733AA97B20B7CFE400A878E2 /* Build configuration list for PBXProject "FlickrDeloitte" */;
			compatibilityVersion = "Xcode 9.3";
			developmentRegion = en;
			hasScannedForEncodings = 0;
			knownRegions = (
				en,
				Base,
			);
			mainGroup = 733AA97720B7CFE300A878E2;
			productRefGroup = 733AA98120B7CFE400A878E2 /* Products */;
			projectDirPath = "";
			projectRoot = "";
			targets = (
				733AA97F20B7CFE400A878E2 /* FlickrDeloitte */,
				733AA99320B7CFE400A878E2 /* FlickrDeloitteTests */,
				733AA99E20B7CFE400A878E2 /* FlickrDeloitteUITests */,
			);
		};
/* End PBXProject section */

/* Begin PBXResourcesBuildPhase section */
		733AA97E20B7CFE400A878E2 /* Resources */ = {
			isa = PBXResourcesBuildPhase;
			buildActionMask = 2147483647;
			files = (
				2F9F408720BA52BA008832E9 /* FlickrTableViewCell.xib in Resources */,
				733AA98E20B7CFE400A878E2 /* LaunchScreen.storyboard in Resources */,
				2F9F408520B9C6BB008832E9 /* jsonData.json in Resources */,
				733AA98B20B7CFE400A878E2 /* Assets.xcassets in Resources */,
				733AA98920B7CFE400A878E2 /* Main.storyboard in Resources */,
			);
			runOnlyForDeploymentPostprocessing = 0;
		};
		733AA99220B7CFE400A878E2 /* Resources */ = {
			isa = PBXResourcesBuildPhase;
			buildActionMask = 2147483647;
			files = (
			);
			runOnlyForDeploymentPostprocessing = 0;
		};
		733AA99D20B7CFE400A878E2 /* Resources */ = {
			isa = PBXResourcesBuildPhase;
			buildActionMask = 2147483647;
			files = (
			);
			runOnlyForDeploymentPostprocessing = 0;
		};
/* End PBXResourcesBuildPhase section */

/* Begin PBXShellScriptBuildPhase section */
		025BCF51FD40018BC3B6A258 /* [CP] Embed Pods Frameworks */ = {
			isa = PBXShellScriptBuildPhase;
			buildActionMask = 2147483647;
			files = (
			);
			inputPaths = (
				"${SRCROOT}/Pods/Target Support Files/Pods-FlickrDeloitte/Pods-FlickrDeloitte-frameworks.sh",
				"${BUILT_PRODUCTS_DIR}/RxCocoa/RxCocoa.framework",
				"${BUILT_PRODUCTS_DIR}/RxSwift/RxSwift.framework",
				"${BUILT_PRODUCTS_DIR}/SDWebImage/SDWebImage.framework",
			);
			name = "[CP] Embed Pods Frameworks";
			outputPaths = (
				"${TARGET_BUILD_DIR}/${FRAMEWORKS_FOLDER_PATH}/RxCocoa.framework",
				"${TARGET_BUILD_DIR}/${FRAMEWORKS_FOLDER_PATH}/RxSwift.framework",
				"${TARGET_BUILD_DIR}/${FRAMEWORKS_FOLDER_PATH}/SDWebImage.framework",
			);
			runOnlyForDeploymentPostprocessing = 0;
			shellPath = /bin/sh;
			shellScript = "\"${SRCROOT}/Pods/Target Support Files/Pods-FlickrDeloitte/Pods-FlickrDeloitte-frameworks.sh\"\n";
			showEnvVarsInLog = 0;
		};
		7DB41179F7A583E43DC794B0 /* [CP] Check Pods Manifest.lock */ = {
			isa = PBXShellScriptBuildPhase;
			buildActionMask = 2147483647;
			files = (
			);
			inputPaths = (
				"${PODS_PODFILE_DIR_PATH}/Podfile.lock",
				"${PODS_ROOT}/Manifest.lock",
			);
			name = "[CP] Check Pods Manifest.lock";
			outputPaths = (
				"$(DERIVED_FILE_DIR)/Pods-FlickrDeloitteTests-checkManifestLockResult.txt",
			);
			runOnlyForDeploymentPostprocessing = 0;
			shellPath = /bin/sh;
			shellScript = "diff \"${PODS_PODFILE_DIR_PATH}/Podfile.lock\" \"${PODS_ROOT}/Manifest.lock\" > /dev/null\nif [ $? != 0 ] ; then\n    # print error to STDERR\n    echo \"error: The sandbox is not in sync with the Podfile.lock. Run 'pod install' or update your CocoaPods installation.\" >&2\n    exit 1\nfi\n# This output is used by Xcode 'outputs' to avoid re-running this script phase.\necho \"SUCCESS\" > \"${SCRIPT_OUTPUT_FILE_0}\"\n";
			showEnvVarsInLog = 0;
		};
		856E2F78D7E290691690C6F6 /* [CP] Check Pods Manifest.lock */ = {
			isa = PBXShellScriptBuildPhase;
			buildActionMask = 2147483647;
			files = (
			);
			inputPaths = (
				"${PODS_PODFILE_DIR_PATH}/Podfile.lock",
				"${PODS_ROOT}/Manifest.lock",
			);
			name = "[CP] Check Pods Manifest.lock";
			outputPaths = (
				"$(DERIVED_FILE_DIR)/Pods-FlickrDeloitte-checkManifestLockResult.txt",
			);
			runOnlyForDeploymentPostprocessing = 0;
			shellPath = /bin/sh;
			shellScript = "diff \"${PODS_PODFILE_DIR_PATH}/Podfile.lock\" \"${PODS_ROOT}/Manifest.lock\" > /dev/null\nif [ $? != 0 ] ; then\n    # print error to STDERR\n    echo \"error: The sandbox is not in sync with the Podfile.lock. Run 'pod install' or update your CocoaPods installation.\" >&2\n    exit 1\nfi\n# This output is used by Xcode 'outputs' to avoid re-running this script phase.\necho \"SUCCESS\" > \"${SCRIPT_OUTPUT_FILE_0}\"\n";
			showEnvVarsInLog = 0;
		};
		F532B7924D21BA43993A70BA /* [CP] Embed Pods Frameworks */ = {
			isa = PBXShellScriptBuildPhase;
			buildActionMask = 2147483647;
			files = (
			);
			inputPaths = (
				"${SRCROOT}/Pods/Target Support Files/Pods-FlickrDeloitteTests/Pods-FlickrDeloitteTests-frameworks.sh",
				"${BUILT_PRODUCTS_DIR}/RxSwift/RxSwift.framework",
			);
			name = "[CP] Embed Pods Frameworks";
			outputPaths = (
				"${TARGET_BUILD_DIR}/${FRAMEWORKS_FOLDER_PATH}/RxSwift.framework",
			);
			runOnlyForDeploymentPostprocessing = 0;
			shellPath = /bin/sh;
			shellScript = "\"${SRCROOT}/Pods/Target Support Files/Pods-FlickrDeloitteTests/Pods-FlickrDeloitteTests-frameworks.sh\"\n";
			showEnvVarsInLog = 0;
		};
/* End PBXShellScriptBuildPhase section */

/* Begin PBXSourcesBuildPhase section */
		733AA97C20B7CFE400A878E2 /* Sources */ = {
			isa = PBXSourcesBuildPhase;
			buildActionMask = 2147483647;
			files = (
				2F9E935520B91C950054611B /* FlickrTableViewCell.swift in Sources */,
				733AA98620B7CFE400A878E2 /* ViewController.swift in Sources */,
				733AA9B520B7D08400A878E2 /* ViewModel.swift in Sources */,
				733AA98420B7CFE400A878E2 /* AppDelegate.swift in Sources */,
				733AA9B720B7D0AD00A878E2 /* FlickrObject.swift in Sources */,
				733AA9BA20B7D43600A878E2 /* FlickrAPI.swift in Sources */,
			);
			runOnlyForDeploymentPostprocessing = 0;
		};
		733AA99020B7CFE400A878E2 /* Sources */ = {
			isa = PBXSourcesBuildPhase;
			buildActionMask = 2147483647;
			files = (
				2F9E935620B91C950054611B /* FlickrTableViewCell.swift in Sources */,
				733AA99920B7CFE400A878E2 /* FlickrDeloitteTests.swift in Sources */,
			);
			runOnlyForDeploymentPostprocessing = 0;
		};
		733AA99B20B7CFE400A878E2 /* Sources */ = {
			isa = PBXSourcesBuildPhase;
			buildActionMask = 2147483647;
			files = (
				733AA9A420B7CFE400A878E2 /* FlickrDeloitteUITests.swift in Sources */,
			);
			runOnlyForDeploymentPostprocessing = 0;
		};
/* End PBXSourcesBuildPhase section */

/* Begin PBXTargetDependency section */
		733AA99620B7CFE400A878E2 /* PBXTargetDependency */ = {
			isa = PBXTargetDependency;
			target = 733AA97F20B7CFE400A878E2 /* FlickrDeloitte */;
			targetProxy = 733AA99520B7CFE400A878E2 /* PBXContainerItemProxy */;
		};
		733AA9A120B7CFE400A878E2 /* PBXTargetDependency */ = {
			isa = PBXTargetDependency;
			target = 733AA97F20B7CFE400A878E2 /* FlickrDeloitte */;
			targetProxy = 733AA9A020B7CFE400A878E2 /* PBXContainerItemProxy */;
		};
/* End PBXTargetDependency section */

/* Begin PBXVariantGroup section */
		733AA98720B7CFE400A878E2 /* Main.storyboard */ = {
			isa = PBXVariantGroup;
			children = (
				733AA98820B7CFE400A878E2 /* Base */,
			);
			name = Main.storyboard;
			sourceTree = "<group>";
		};
		733AA98C20B7CFE400A878E2 /* LaunchScreen.storyboard */ = {
			isa = PBXVariantGroup;
			children = (
				733AA98D20B7CFE400A878E2 /* Base */,
			);
			name = LaunchScreen.storyboard;
			sourceTree = "<group>";
		};
/* End PBXVariantGroup section */

/* Begin XCBuildConfiguration section */
		733AA9A620B7CFE400A878E2 /* Debug */ = {
			isa = XCBuildConfiguration;
			buildSettings = {
				ALWAYS_SEARCH_USER_PATHS = NO;
				CLANG_ANALYZER_NONNULL = YES;
				CLANG_ANALYZER_NUMBER_OBJECT_CONVERSION = YES_AGGRESSIVE;
				CLANG_CXX_LANGUAGE_STANDARD = "gnu++14";
				CLANG_CXX_LIBRARY = "libc++";
				CLANG_ENABLE_MODULES = YES;
				CLANG_ENABLE_OBJC_ARC = YES;
				CLANG_ENABLE_OBJC_WEAK = YES;
				CLANG_WARN_BLOCK_CAPTURE_AUTORELEASING = YES;
				CLANG_WARN_BOOL_CONVERSION = YES;
				CLANG_WARN_COMMA = YES;
				CLANG_WARN_CONSTANT_CONVERSION = YES;
				CLANG_WARN_DEPRECATED_OBJC_IMPLEMENTATIONS = YES;
				CLANG_WARN_DIRECT_OBJC_ISA_USAGE = YES_ERROR;
				CLANG_WARN_DOCUMENTATION_COMMENTS = YES;
				CLANG_WARN_EMPTY_BODY = YES;
				CLANG_WARN_ENUM_CONVERSION = YES;
				CLANG_WARN_INFINITE_RECURSION = YES;
				CLANG_WARN_INT_CONVERSION = YES;
				CLANG_WARN_NON_LITERAL_NULL_CONVERSION = YES;
				CLANG_WARN_OBJC_IMPLICIT_RETAIN_SELF = YES;
				CLANG_WARN_OBJC_LITERAL_CONVERSION = YES;
				CLANG_WARN_OBJC_ROOT_CLASS = YES_ERROR;
				CLANG_WARN_RANGE_LOOP_ANALYSIS = YES;
				CLANG_WARN_STRICT_PROTOTYPES = YES;
				CLANG_WARN_SUSPICIOUS_MOVE = YES;
				CLANG_WARN_UNGUARDED_AVAILABILITY = YES_AGGRESSIVE;
				CLANG_WARN_UNREACHABLE_CODE = YES;
				CLANG_WARN__DUPLICATE_METHOD_MATCH = YES;
				CODE_SIGN_IDENTITY = "iPhone Developer";
				COPY_PHASE_STRIP = NO;
				DEBUG_INFORMATION_FORMAT = dwarf;
				ENABLE_STRICT_OBJC_MSGSEND = YES;
				ENABLE_TESTABILITY = YES;
				GCC_C_LANGUAGE_STANDARD = gnu11;
				GCC_DYNAMIC_NO_PIC = NO;
				GCC_NO_COMMON_BLOCKS = YES;
				GCC_OPTIMIZATION_LEVEL = 0;
				GCC_PREPROCESSOR_DEFINITIONS = (
					"DEBUG=1",
					"$(inherited)",
				);
				GCC_WARN_64_TO_32_BIT_CONVERSION = YES;
				GCC_WARN_ABOUT_RETURN_TYPE = YES_ERROR;
				GCC_WARN_UNDECLARED_SELECTOR = YES;
				GCC_WARN_UNINITIALIZED_AUTOS = YES_AGGRESSIVE;
				GCC_WARN_UNUSED_FUNCTION = YES;
				GCC_WARN_UNUSED_VARIABLE = YES;
				IPHONEOS_DEPLOYMENT_TARGET = 11.3;
				MTL_ENABLE_DEBUG_INFO = YES;
				ONLY_ACTIVE_ARCH = YES;
				SDKROOT = iphoneos;
				SWIFT_ACTIVE_COMPILATION_CONDITIONS = DEBUG;
				SWIFT_OPTIMIZATION_LEVEL = "-Onone";
			};
			name = Debug;
		};
		733AA9A720B7CFE400A878E2 /* Release */ = {
			isa = XCBuildConfiguration;
			buildSettings = {
				ALWAYS_SEARCH_USER_PATHS = NO;
				CLANG_ANALYZER_NONNULL = YES;
				CLANG_ANALYZER_NUMBER_OBJECT_CONVERSION = YES_AGGRESSIVE;
				CLANG_CXX_LANGUAGE_STANDARD = "gnu++14";
				CLANG_CXX_LIBRARY = "libc++";
				CLANG_ENABLE_MODULES = YES;
				CLANG_ENABLE_OBJC_ARC = YES;
				CLANG_ENABLE_OBJC_WEAK = YES;
				CLANG_WARN_BLOCK_CAPTURE_AUTORELEASING = YES;
				CLANG_WARN_BOOL_CONVERSION = YES;
				CLANG_WARN_COMMA = YES;
				CLANG_WARN_CONSTANT_CONVERSION = YES;
				CLANG_WARN_DEPRECATED_OBJC_IMPLEMENTATIONS = YES;
				CLANG_WARN_DIRECT_OBJC_ISA_USAGE = YES_ERROR;
				CLANG_WARN_DOCUMENTATION_COMMENTS = YES;
				CLANG_WARN_EMPTY_BODY = YES;
				CLANG_WARN_ENUM_CONVERSION = YES;
				CLANG_WARN_INFINITE_RECURSION = YES;
				CLANG_WARN_INT_CONVERSION = YES;
				CLANG_WARN_NON_LITERAL_NULL_CONVERSION = YES;
				CLANG_WARN_OBJC_IMPLICIT_RETAIN_SELF = YES;
				CLANG_WARN_OBJC_LITERAL_CONVERSION = YES;
				CLANG_WARN_OBJC_ROOT_CLASS = YES_ERROR;
				CLANG_WARN_RANGE_LOOP_ANALYSIS = YES;
				CLANG_WARN_STRICT_PROTOTYPES = YES;
				CLANG_WARN_SUSPICIOUS_MOVE = YES;
				CLANG_WARN_UNGUARDED_AVAILABILITY = YES_AGGRESSIVE;
				CLANG_WARN_UNREACHABLE_CODE = YES;
				CLANG_WARN__DUPLICATE_METHOD_MATCH = YES;
				CODE_SIGN_IDENTITY = "iPhone Developer";
				COPY_PHASE_STRIP = NO;
				DEBUG_INFORMATION_FORMAT = "dwarf-with-dsym";
				ENABLE_NS_ASSERTIONS = NO;
				ENABLE_STRICT_OBJC_MSGSEND = YES;
				GCC_C_LANGUAGE_STANDARD = gnu11;
				GCC_NO_COMMON_BLOCKS = YES;
				GCC_WARN_64_TO_32_BIT_CONVERSION = YES;
				GCC_WARN_ABOUT_RETURN_TYPE = YES_ERROR;
				GCC_WARN_UNDECLARED_SELECTOR = YES;
				GCC_WARN_UNINITIALIZED_AUTOS = YES_AGGRESSIVE;
				GCC_WARN_UNUSED_FUNCTION = YES;
				GCC_WARN_UNUSED_VARIABLE = YES;
				IPHONEOS_DEPLOYMENT_TARGET = 11.3;
				MTL_ENABLE_DEBUG_INFO = NO;
				SDKROOT = iphoneos;
				SWIFT_COMPILATION_MODE = wholemodule;
				SWIFT_OPTIMIZATION_LEVEL = "-O";
				VALIDATE_PRODUCT = YES;
			};
			name = Release;
		};
		733AA9A920B7CFE400A878E2 /* Debug */ = {
			isa = XCBuildConfiguration;
			baseConfigurationReference = 44C50130F33C9A9503224EDB /* Pods-FlickrDeloitte.debug.xcconfig */;
			buildSettings = {
				ASSETCATALOG_COMPILER_APPICON_NAME = AppIcon;
				CODE_SIGN_STYLE = Automatic;
				DEVELOPMENT_TEAM = 4HW3A5BL4V;
				INFOPLIST_FILE = FlickrDeloitte/Info.plist;
				LD_RUNPATH_SEARCH_PATHS = "$(inherited) @executable_path/Frameworks";
				PRODUCT_BUNDLE_IDENTIFIER = com.test.FlickrDeloitte;
				PRODUCT_NAME = "$(TARGET_NAME)";
				SWIFT_VERSION = 4.0;
				TARGETED_DEVICE_FAMILY = "1,2";
			};
			name = Debug;
		};
		733AA9AA20B7CFE400A878E2 /* Release */ = {
			isa = XCBuildConfiguration;
			baseConfigurationReference = 8A71E20F09E4EA7A74C4A50C /* Pods-FlickrDeloitte.release.xcconfig */;
			buildSettings = {
				ASSETCATALOG_COMPILER_APPICON_NAME = AppIcon;
				CODE_SIGN_STYLE = Automatic;
				DEVELOPMENT_TEAM = 4HW3A5BL4V;
				INFOPLIST_FILE = FlickrDeloitte/Info.plist;
				LD_RUNPATH_SEARCH_PATHS = "$(inherited) @executable_path/Frameworks";
				PRODUCT_BUNDLE_IDENTIFIER = com.test.FlickrDeloitte;
				PRODUCT_NAME = "$(TARGET_NAME)";
				SWIFT_VERSION = 4.0;
				TARGETED_DEVICE_FAMILY = "1,2";
			};
			name = Release;
		};
		733AA9AC20B7CFE400A878E2 /* Debug */ = {
			isa = XCBuildConfiguration;
			baseConfigurationReference = A70583D406C4809BFF6187DB /* Pods-FlickrDeloitteTests.debug.xcconfig */;
			buildSettings = {
				ALWAYS_EMBED_SWIFT_STANDARD_LIBRARIES = YES;
				BUNDLE_LOADER = "$(TEST_HOST)";
				CODE_SIGN_STYLE = Automatic;
				DEVELOPMENT_TEAM = 4HW3A5BL4V;
				INFOPLIST_FILE = FlickrDeloitteTests/Info.plist;
				LD_RUNPATH_SEARCH_PATHS = "$(inherited) @executable_path/Frameworks @loader_path/Frameworks";
				PRODUCT_BUNDLE_IDENTIFIER = com.test.FlickrDeloitteTests;
				PRODUCT_NAME = "$(TARGET_NAME)";
				SWIFT_VERSION = 4.0;
				TARGETED_DEVICE_FAMILY = "1,2";
				TEST_HOST = "$(BUILT_PRODUCTS_DIR)/FlickrDeloitte.app/FlickrDeloitte";
			};
			name = Debug;
		};
		733AA9AD20B7CFE400A878E2 /* Release */ = {
			isa = XCBuildConfiguration;
			baseConfigurationReference = 3F7A295325E0E31CA3455139 /* Pods-FlickrDeloitteTests.release.xcconfig */;
			buildSettings = {
				ALWAYS_EMBED_SWIFT_STANDARD_LIBRARIES = YES;
				BUNDLE_LOADER = "$(TEST_HOST)";
				CODE_SIGN_STYLE = Automatic;
				DEVELOPMENT_TEAM = 4HW3A5BL4V;
				INFOPLIST_FILE = FlickrDeloitteTests/Info.plist;
				LD_RUNPATH_SEARCH_PATHS = "$(inherited) @executable_path/Frameworks @loader_path/Frameworks";
				PRODUCT_BUNDLE_IDENTIFIER = com.test.FlickrDeloitteTests;
				PRODUCT_NAME = "$(TARGET_NAME)";
				SWIFT_VERSION = 4.0;
				TARGETED_DEVICE_FAMILY = "1,2";
				TEST_HOST = "$(BUILT_PRODUCTS_DIR)/FlickrDeloitte.app/FlickrDeloitte";
			};
			name = Release;
		};
		733AA9AF20B7CFE400A878E2 /* Debug */ = {
			isa = XCBuildConfiguration;
			buildSettings = {
				ALWAYS_EMBED_SWIFT_STANDARD_LIBRARIES = YES;
				CODE_SIGN_STYLE = Automatic;
				DEVELOPMENT_TEAM = 4HW3A5BL4V;
				INFOPLIST_FILE = FlickrDeloitteUITests/Info.plist;
				LD_RUNPATH_SEARCH_PATHS = "$(inherited) @executable_path/Frameworks @loader_path/Frameworks";
				PRODUCT_BUNDLE_IDENTIFIER = com.test.FlickrDeloitteUITests;
				PRODUCT_NAME = "$(TARGET_NAME)";
				SWIFT_VERSION = 4.0;
				TARGETED_DEVICE_FAMILY = "1,2";
				TEST_TARGET_NAME = FlickrDeloitte;
			};
			name = Debug;
		};
		733AA9B020B7CFE400A878E2 /* Release */ = {
			isa = XCBuildConfiguration;
			buildSettings = {
				ALWAYS_EMBED_SWIFT_STANDARD_LIBRARIES = YES;
				CODE_SIGN_STYLE = Automatic;
				DEVELOPMENT_TEAM = 4HW3A5BL4V;
				INFOPLIST_FILE = FlickrDeloitteUITests/Info.plist;
				LD_RUNPATH_SEARCH_PATHS = "$(inherited) @executable_path/Frameworks @loader_path/Frameworks";
				PRODUCT_BUNDLE_IDENTIFIER = com.test.FlickrDeloitteUITests;
				PRODUCT_NAME = "$(TARGET_NAME)";
				SWIFT_VERSION = 4.0;
				TARGETED_DEVICE_FAMILY = "1,2";
				TEST_TARGET_NAME = FlickrDeloitte;
			};
			name = Release;
		};
/* End XCBuildConfiguration section */

/* Begin XCConfigurationList section */
		733AA97B20B7CFE400A878E2 /* Build configuration list for PBXProject "FlickrDeloitte" */ = {
			isa = XCConfigurationList;
			buildConfigurations = (
				733AA9A620B7CFE400A878E2 /* Debug */,
				733AA9A720B7CFE400A878E2 /* Release */,
			);
			defaultConfigurationIsVisible = 0;
			defaultConfigurationName = Release;
		};
		733AA9A820B7CFE400A878E2 /* Build configuration list for PBXNativeTarget "FlickrDeloitte" */ = {
			isa = XCConfigurationList;
			buildConfigurations = (
				733AA9A920B7CFE400A878E2 /* Debug */,
				733AA9AA20B7CFE400A878E2 /* Release */,
			);
			defaultConfigurationIsVisible = 0;
			defaultConfigurationName = Release;
		};
		733AA9AB20B7CFE400A878E2 /* Build configuration list for PBXNativeTarget "FlickrDeloitteTests" */ = {
			isa = XCConfigurationList;
			buildConfigurations = (
				733AA9AC20B7CFE400A878E2 /* Debug */,
				733AA9AD20B7CFE400A878E2 /* Release */,
			);
			defaultConfigurationIsVisible = 0;
			defaultConfigurationName = Release;
		};
		733AA9AE20B7CFE400A878E2 /* Build configuration list for PBXNativeTarget "FlickrDeloitteUITests" */ = {
			isa = XCConfigurationList;
			buildConfigurations = (
				733AA9AF20B7CFE400A878E2 /* Debug */,
				733AA9B020B7CFE400A878E2 /* Release */,
			);
			defaultConfigurationIsVisible = 0;
			defaultConfigurationName = Release;
		};
/* End XCConfigurationList section */
	};
	rootObject = 733AA97820B7CFE400A878E2 /* Project object */;
}
